{
  "name": "mp-weixin",
  "version": "1.0.0",
  "lockfileVersion": 3,
  "requires": true,
  "packages": {
    "": {
      "name": "mp-weixin",
      "version": "1.0.0",
      "license": "ISC",
      "dependencies": {
        "@vant/weapp": "^1.10.13",
        "miniprogram-sm-crypto": "^0.3.12"
      }
    },
    "node_modules/@vant/weapp": {
      "version": "1.10.13",
      "resolved": "https://registry.npmjs.org/@vant/weapp/-/weapp-1.10.13.tgz",
      "integrity": "sha512-Ps56qHY60W0QpaFKgzN2UGWfzCcKfZrM7QZVfFM3Qx9Kpm/Tnqln+mrGSMiI84+6qU0Bv1xKX6FBDa04yNiwAQ=="
    },
    "node_modules/jsbn": {
      "version": "1.1.0",
      "resolved": "https://registry.npmjs.org/jsbn/-/jsbn-1.1.0.tgz",
      "integrity": "sha512-4bYVV3aAMtDTTu4+xsDYa6sy9GyJ69/amsu9sYF2zqjiEoZA5xJi3BrfX3uY+/IekIu7MwdObdbDWpoZdBv3/A=="
    },
    "node_modules/miniprogram-sm-crypto": {
      "version": "0.3.12",
      "resolved": "https://registry.npmjs.org/miniprogram-sm-crypto/-/miniprogram-sm-crypto-0.3.12.tgz",
      "integrity": "sha512-/Wani+gluE8mD3Q+6VeHTjooLD+mS0lo6kS9FIS3XSCh2m8z446sXrFtmENN6pJgh7iB2YJTyFiXgBihNt2/yw==",
      "dependencies": {
        "jsbn": "^1.1.0"
      }
    }
  }
}
